
Microsoft Visual Studio Solution File, Format Version 12.00
# Visual Studio Version 17
VisualStudioVersion = 17.7.34024.191
MinimumVisualStudioVersion = 10.0.40219.1
Project("{FAE04EC0-301F-11D3-BF4B-00C04F79EFBC}") = "Лабораторная работа", "Лабораторная работа.csproj", "{C9751EE3-5943-409C-9BE4-0A617F3233B8}"
EndProject
Project("{FAE04EC0-301F-11D3-BF4B-00C04F79EFBC}") = "Dll", "Dll\Dll.csproj", "{1BB111C7-592E-4CB3-829E-C6B2A02FF5E5}"
EndProject
Project("{FAE04EC0-301F-11D3-BF4B-00C04F79EFBC}") = "Second_Semestr_Dll", "..\Second_Semestr_Dll\Second_Semestr_Dll.csproj", "{FB317D16-D84C-415D-800F-8EC5C3B307DE}"
EndProject
Global
	GlobalSection(SolutionConfigurationPlatforms) = preSolution
		Debug|Any CPU = Debug|Any CPU
		Release|Any CPU = Release|Any CPU
	EndGlobalSection
	GlobalSection(ProjectConfigurationPlatforms) = postSolution
		{C9751EE3-5943-409C-9BE4-0A617F3233B8}.Debug|Any CPU.ActiveCfg = Debug|Any CPU
		{C9751EE3-5943-409C-9BE4-0A617F3233B8}.Debug|Any CPU.Build.0 = Debug|Any CPU
		{C9751EE3-5943-409C-9BE4-0A617F3233B8}.Release|Any CPU.ActiveCfg = Release|Any CPU
		{C9751EE3-5943-409C-9BE4-0A617F3233B8}.Release|Any CPU.Build.0 = Release|Any CPU
		{1BB111C7-592E-4CB3-829E-C6B2A02FF5E5}.Debug|Any CPU.ActiveCfg = Debug|Any CPU
		{1BB111C7-592E-4CB3-829E-C6B2A02FF5E5}.Debug|Any CPU.Build.0 = Debug|Any CPU
		{1BB111C7-592E-4CB3-829E-C6B2A02FF5E5}.Release|Any CPU.ActiveCfg = Release|Any CPU
		{1BB111C7-592E-4CB3-829E-C6B2A02FF5E5}.Release|Any CPU.Build.0 = Release|Any CPU
		{FB317D16-D84C-415D-800F-8EC5C3B307DE}.Debug|Any CPU.ActiveCfg = Debug|Any CPU
		{FB317D16-D84C-415D-800F-8EC5C3B307DE}.Debug|Any CPU.Build.0 = Debug|Any CPU
		{FB317D16-D84C-415D-800F-8EC5C3B307DE}.Release|Any CPU.ActiveCfg = Release|Any CPU
		{FB317D16-D84C-415D-800F-8EC5C3B307DE}.Release|Any CPU.Build.0 = Release|Any CPU
	EndGlobalSection
	GlobalSection(SolutionProperties) = preSolution
		HideSolutionNode = FALSE
	EndGlobalSection
	GlobalSection(ExtensibilityGlobals) = postSolution
		SolutionGuid = {EF4E714D-83C7-4269-9109-79B9E803EF01}
	EndGlobalSection
EndGlobal
